github.com/creack/pty v1.1.9/go.mod h1:oKZEueFk5CKHvIhNR5MUki03XCEU+Q6VDXinZuGJ33E=
github.com/go-contrib/uuid v1.2.0 h1:cmH7YYcGGC682wuBHFWnEzdrNvzmmmFWFgm23oPiFJs=
github.com/go-contrib/uuid v1.2.0/go.mod h1:R9zf5oXjEfersQve5ceWY37X8JR3qtDTU2WSVxbWXGE=
github.com/kr/pretty v0.2.1/go.mod h1:ipq/a2n7PKx3OHsz4KJII5eveXtPO4qwEXGdVfWzfnI=
github.com/kr/pretty v0.3.1 h1:flRD4NNwYAUpkphVc1HcthR4KEIFJ65n8Mw5qdRn3LE=
github.com/kr/pretty v0.3.1/go.mod h1:hoEshYVHaxMs3cyo3Yncou5ZscifuDolrwPKZanG3xk=
github.com/kr/pty v1.1.1/go.mod h1:pFQYn66WHrOpPYNljwOMqo10TkYh1fy3cYio2l3bCsQ=
github.com/kr/text v0.1.0/go.mod h1:4Jbv+DJW3UT/LiOwJeYQe1efqtUx/iVham/4vfdArNI=
github.com/kr/text v0.2.0 h1:5Nx0Ya0ZqY2ygV366QzturHI13Jq95ApcVaJBhpS+AY=
github.com/kr/text v0.2.0/go.mod h1:eLer722TekiGuMkidMxC/pM04lWEeraHUUmBw8l2grE=
github.com/op/go-logging v0.0.0-20160315200505-970db520ece7 h1:lDH9UUVJtmYCjyT0CI4q8xvlXPxeZ0gYCVvWbmPlp88=
github.com/op/go-logging v0.0.0-20160315200505-970db520ece7/go.mod h1:HzydrMdWErDVzsI23lYNej1Htcns9BCg93Dk0bBINWk=
github.com/pkg/diff v0.0.0-20210226163009-20ebb0f2a09e/go.mod h1:pJLUxLENpZxwdsKMEsNbx1VGcRFpLqf3715MtcvvzbA=
github.com/pucora/lura/v2 v2.0.9 h1:pPBU0rO71JeIp6k4xGwQweKHvd46+0BZRwb1Z7DZBE0=
github.com/pucora/lura/v2 v2.0.9/go.mod h1:7LJn5CTxnfAFbvsWyk6XqORnXXZ9uI3yn79Anz5qE4g=
github.com/pucora/pucora-gologging/v2 v2.0.1 h1:nzZN0WuOSwkIR8jdRU3ooK1aaFh9jF+aZIuCTyRtRGg=
github.com/pucora/pucora-gologging/v2 v2.0.1/go.mod h1:Sf88qgij1Gv4nT7EerR0IKTjx6qynHLPF/dgFzFp6jw=
github.com/rogpeppe/go-internal v1.9.0/go.mod h1:WtVeX8xhTBvf0smdhujwtBcq4Qrzq/fJaraNFVN+nFs=
github.com/rogpeppe/go-internal v1.14.1 h1:UQB4HGPB6osV0SQTLymcB4TgvyWu6ZyliaW0tI/otEQ=
github.com/rogpeppe/go-internal v1.14.1/go.mod h1:MaRKkUm5W0goXpeCfT7UZI6fk/L7L7so1lCWt35ZSgc=
github.com/tmthrgd/atomics v0.0.0-20190904060638-dc7a5fcc7e0d h1:2QXSQjy/gDm0QeP9G9NaO9Hm2Cl1LAle4ZV0JeYK7XY=
github.com/tmthrgd/atomics v0.0.0-20190904060638-dc7a5fcc7e0d/go.mod h1:J2+dTgaX/1g3PkyL6sLBglBWfaLmAp5bQbRhSfKw9XI=
github.com/tmthrgd/go-bitset v0.0.0-20190904054048-394d9a556c05 h1:5jOF3BEex8XyBKMbaDUN1SiPQJRAKVuP24/sbwC2aWA=
github.com/tmthrgd/go-bitset v0.0.0-20190904054048-394d9a556c05/go.mod h1:SooM96OIpihI7iMZhVGbpiiO9Qevqv8vXxHlwNtefd4=
github.com/tmthrgd/go-bitwise v0.0.0-20190904053232-1430ee983fca h1:Ns4/7EvYZ7FxKiKnEMkMMAPtoR/ifUgRsvk7lzlOtPY=
github.com/tmthrgd/go-bitwise v0.0.0-20190904053232-1430ee983fca/go.mod h1:Ba4ek/h+sJUzTQ03ZGD1r0lazhxd7CBoEQzFk/icxxU=
github.com/tmthrgd/go-byte-test v0.0.0-20190904060354-2794345b9929 h1:EV5x10oS2/QrR1RwniFQW1i22d/iyX/emvvMjHT32CA=
github.com/tmthrgd/go-byte-test v0.0.0-20190904060354-2794345b9929/go.mod h1:MEz1Lt0fxSL/ZgE7VN3yUJV0sP5I5aYecYLd9y/viEs=
github.com/tmthrgd/go-hex v0.0.0-20190904060850-447a3041c3bc h1:9lRDQMhESg+zvGYmW5DyG0UqvY96Bu5QYsTLvCHdrgo=
github.com/tmthrgd/go-hex v0.0.0-20190904060850-447a3041c3bc/go.mod h1:bciPuU6GHm1iF1pBvUfxfsH0Wmnc2VbpgvbI9ZWuIRs=
github.com/tmthrgd/go-memset v0.0.0-20190904060434-6fb7a21f88f1 h1:KfSLDmc6rrLHr//urKbNApu51nt2AzdrwBCxqq0gRlk=
github.com/tmthrgd/go-memset v0.0.0-20190904060434-6fb7a21f88f1/go.mod h1:xUkvcKF3VBDKFmmqCtW333lognWBHzSScj4fgjVB0Ek=
github.com/tmthrgd/go-popcount v0.0.0-20190904054823-afb1ace8b04f h1:Phf2p9+twoHct5ZjSTrI8K7iWeSxO4x1p5pShTl0J00=
github.com/tmthrgd/go-popcount v0.0.0-20190904054823-afb1ace8b04f/go.mod h1:FcUQfrsAsSSqM3n9xf4EtPzB8tWzt58/y0AV+wNNM8Q=
golang.org/x/sys v0.46.0 h1:noSf2Fq6F8DBgS+LysIkx7rIExoNHJsxOAtPp4rthXw=
golang.org/x/sys v0.46.0/go.mod h1:4GL1E5IUh+htKOUEOaiffhrAeqysfVGipDYzABqnCmw=
golang.org/x/text v0.38.0 h1:sXmwo9DwP3OK9EZ7PqAdaooSGozfl/3a6/xJcbzPRhE=
golang.org/x/text v0.38.0/go.mod h1:YXZt3QhHUKYT53r2lLKFIVi6Ao1jdzrTR/KQ09qyxF4=
gopkg.in/check.v1 v1.0.0-20201130134442-10cb98267c6c h1:Hei/4ADfdWqJk1ZMxUNpqntNwaWcugrBjAiHlqqRiVk=
gopkg.in/check.v1 v1.0.0-20201130134442-10cb98267c6c/go.mod h1:JHkPIbrfpd72SG/EVd6muEfDQjcINNoR0C8j2r3qZ4Q=
